<?xml version="1.0" encoding="utf-8"?>
<Project ToolsVersion="4.0" xmlns="http://schemas.microsoft.com/developer/msbuild/2003">
  <ItemGroup>
    <Filter Include="Source Files">
      <UniqueIdentifier>{4FC737F1-C7A5-4376-A066-2A32D752A2FF}</UniqueIdentifier>
      <Extensions>cpp;c;cc;cxx;def;odl;idl;hpj;bat;asm;asmx</Extensions>
    </Filter>
    <Filter Include="Header Files">
      <UniqueIdentifier>{93995380-89BD-4b04-88EB-625FBE52EBFB}</UniqueIdentifier>
      <Extensions>h;hh;hpp;hxx;hm;inl;inc;ipp;xsd</Extensions>
    </Filter>
    <Filter Include="Resource Files">
      <UniqueIdentifier>{67DA6AB6-F800-4c08-8B7A-83BB121AAD01}</UniqueIdentifier>
      <Extensions>rc;ico;cur;bmp;dlg;rc2;rct;bin;rgs;gif;jpg;jpeg;jpe;resx;tiff;tif;png;wav;mfcribbon-ms</Extensions>
    </Filter>
    <Filter Include="Resource Files\Icons">
      <UniqueIdentifier>{0ed30566-21aa-4762-be15-40bf0089b57a}</UniqueIdentifier>
    </Filter>
    <Filter Include="Resource Files\Bitmaps">
      <UniqueIdentifier>{739f9b2b-d79e-4d99-9379-0b5341aada14}</UniqueIdentifier>
    </Filter>
  </ItemGroup>
  <ItemGroup>
    <ClInclude Include="stdafx.h">
      <Filter>Header Files</Filter>
    </ClInclude>
    <ClInclude Include="targetver.h">
      <Filter>Header Files</Filter>
    </ClInclude>
    <ClInclude Include="Resource.h">
      <Filter>Header Files</Filter>
    </ClInclude>
    <ClInclude Include="App.h">
      <Filter>Header Files</Filter>
    </ClInclude>
    <ClInclude Include="Graphics.h">
      <Filter>Header Files</Filter>
    </ClInclude>
    <ClInclude Include="Visualization.h">
      <Filter>Header Files</Filter>
    </ClInclude>
    <ClInclude Include="UserInput.h">
      <Filter>Header Files</Filter>
    </ClInclude>
    <ClInclude Include="WndClass.h">
      <Filter>Header Files</Filter>
    </ClInclude>
    <ClInclude Include="MainWindow.h">
      <Filter>Header Files</Filter>
    </ClInclude>
    <ClInclude Include="SplashWindow.h">
      <Filter>Header Files</Filter>
    </ClInclude>
    <ClInclude Include="VisMergedWindow.h">
      <Filter>Header Files</Filter>
    </ClInclude>
    <ClInclude Include="VisComponent.h">
      <Filter>Header Files</Filter>
    </ClInclude>
  </ItemGroup>
  <ItemGroup>
    <ClCompile Include="stdafx.cpp">
      <Filter>Source Files</Filter>
    </ClCompile>
    <ClCompile Include="main.cpp">
      <Filter>Source Files</Filter>
    </ClCompile>
    <ClCompile Include="App.cpp">
      <Filter>Source Files</Filter>
    </ClCompile>
    <ClCompile Include="Graphics.cpp">
      <Filter>Source Files</Filter>
    </ClCompile>
    <ClCompile Include="Visualization.cpp">
      <Filter>Source Files</Filter>
    </ClCompile>
    <ClCompile Include="UserInput.cpp">
      <Filter>Source Files</Filter>
    </ClCompile>
    <ClCompile Include="WndClass.cpp">
      <Filter>Source Files</Filter>
    </ClCompile>
    <ClCompile Include="MainWindow.cpp">
      <Filter>Source Files</Filter>
    </ClCompile>
    <ClCompile Include="SplashWindow.cpp">
      <Filter>Source Files</Filter>
    </ClCompile>
    <ClCompile Include="VisMergedWindow.cpp">
      <Filter>Source Files</Filter>
    </ClCompile>
    <ClCompile Include="VisComponent.cpp">
      <Filter>Source Files</Filter>
    </ClCompile>
  </ItemGroup>
  <ItemGroup>
    <ResourceCompile Include="MTV3D.rc">
      <Filter>Resource Files</Filter>
    </ResourceCompile>
  </ItemGroup>
  <ItemGroup>
    <Image Include="MTV3D_128.ico">
      <Filter>Resource Files\Icons</Filter>
    </Image>
    <Image Include="MTV3D_256.ico">
      <Filter>Resource Files\Icons</Filter>
    </Image>
    <Image Include="MTV3D_48.ico">
      <Filter>Resource Files\Icons</Filter>
    </Image>
    <Image Include="MTV3D_32.ico">
      <Filter>Resource Files\Icons</Filter>
    </Image>
    <Image Include="MTV3D_40.ico">
      <Filter>Resource Files\Icons</Filter>
    </Image>
    <Image Include="MTV3D_24.ico">
      <Filter>Resource Files\Icons</Filter>
    </Image>
    <Image Include="MTV3D_64.ico">
      <Filter>Resource Files\Icons</Filter>
    </Image>
    <Image Include="MTV3D_16.ico">
      <Filter>Resource Files\Icons</Filter>
    </Image>
    <Image Include="MTV3D.bmp">
      <Filter>Resource Files\Bitmaps</Filter>
    </Image>
    <Image Include="FER_logo.bmp">
      <Filter>Resource Files\Bitmaps</Filter>
    </Image>
    <Image Include="UniZg_logo.bmp">
      <Filter>Resource Files\Bitmaps</Filter>
    </Image>
  </ItemGroup>
</Project>